// !$*UTF8*$!
{
	archiveVersion = 1;
	classes = {
	};
	objectVersion = 56;
	objects = {

/* Begin PBXBuildFile section */
		1BE5C6DD295C35B500C65C08 /* AppDelegate.swift in Sources */ = {isa = PBXBuildFile; fileRef = 1BE5C6DC295C35B500C65C08 /* AppDelegate.swift */; };
		1BE5C6DF295C35B500C65C08 /* SceneDelegate.swift in Sources */ = {isa = PBXBuildFile; fileRef = 1BE5C6DE295C35B500C65C08 /* SceneDelegate.swift */; };
		1BE5C6E1295C35B500C65C08 /* ViewController.swift in Sources */ = {isa = PBXBuildFile; fileRef = 1BE5C6E0295C35B500C65C08 /* ViewController.swift */; };
		1BE5C6E4295C35B500C65C08 /* Main.storyboard in Resources */ = {isa = PBXBuildFile; fileRef = 1BE5C6E2295C35B500C65C08 /* Main.storyboard */; };
		1BE5C6E6295C35B600C65C08 /* Assets.xcassets in Resources */ = {isa = PBXBuildFile; fileRef = 1BE5C6E5295C35B600C65C08 /* Assets.xcassets */; };
		1BE5C6E9295C35B600C65C08 /* LaunchScreen.storyboard in Resources */ = {isa = PBXBuildFile; fileRef = 1BE5C6E7295C35B600C65C08 /* LaunchScreen.storyboard */; };
		1BE5C6F4295C35B600C65C08 /* modelPageTests.swift in Sources */ = {isa = PBXBuildFile; fileRef = 1BE5C6F3295C35B600C65C08 /* modelPageTests.swift */; };
		1BE5C6FE295C35B600C65C08 /* modelPageUITests.swift in Sources */ = {isa = PBXBuildFile; fileRef = 1BE5C6FD295C35B600C65C08 /* modelPageUITests.swift */; };
		1BE5C700295C35B600C65C08 /* modelPageUITestsLaunchTests.swift in Sources */ = {isa = PBXBuildFile; fileRef = 1BE5C6FF295C35B600C65C08 /* modelPageUITestsLaunchTests.swift */; };
/* End PBXBuildFile section */

/* Begin PBXContainerItemProxy section */
		1BE5C6F0295C35B600C65C08 /* PBXContainerItemProxy */ = {
			isa = PBXContainerItemProxy;
			containerPortal = 1BE5C6D1295C35B500C65C08 /* Project object */;
			proxyType = 1;
			remoteGlobalIDString = 1BE5C6D8295C35B500C65C08;
			remoteInfo = modelPage;
		};
		1BE5C6FA295C35B600C65C08 /* PBXContainerItemProxy */ = {
			isa = PBXContainerItemProxy;
			containerPortal = 1BE5C6D1295C35B500C65C08 /* Project object */;
			proxyType = 1;
			remoteGlobalIDString = 1BE5C6D8295C35B500C65C08;
			remoteInfo = modelPage;
		};
/* End PBXContainerItemProxy section */

/* Begin PBXFileReference section */
		1BE5C6D9295C35B500C65C08 /* modelPage.app */ = {isa = PBXFileReference; explicitFileType = wrapper.application; includeInIndex = 0; path = modelPage.app; sourceTree = BUILT_PRODUCTS_DIR; };
		1BE5C6DC295C35B500C65C08 /* AppDelegate.swift */ = {isa = PBXFileReference; lastKnownFileType = sourcecode.swift; path = AppDelegate.swift; sourceTree = "<group>"; };
		1BE5C6DE295C35B500C65C08 /* SceneDelegate.swift */ = {isa = PBXFileReference; lastKnownFileType = sourcecode.swift; path = SceneDelegate.swift; sourceTree = "<group>"; };
		1BE5C6E0295C35B500C65C08 /* ViewController.swift */ = {isa = PBXFileReference; lastKnownFileType = sourcecode.swift; path = ViewController.swift; sourceTree = "<group>"; };
		1BE5C6E3295C35B500C65C08 /* Base */ = {isa = PBXFileReference; lastKnownFileType = file.storyboard; name = Base; path = Base.lproj/Main.storyboard; sourceTree = "<group>"; };
		1BE5C6E5295C35B600C65C08 /* Assets.xcassets */ = {isa = PBXFileReference; lastKnownFileType = folder.assetcatalog; path = Assets.xcassets; sourceTree = "<group>"; };
		1BE5C6E8295C35B600C65C08 /* Base */ = {isa = PBXFileReference; lastKnownFileType = file.storyboard; name = Base; path = Base.lproj/LaunchScreen.storyboard; sourceTree = "<group>"; };
		1BE5C6EA295C35B600C65C08 /* Info.plist */ = {isa = PBXFileReference; lastKnownFileType = text.plist.xml; path = Info.plist; sourceTree = "<group>"; };
		1BE5C6EF295C35B600C65C08 /* modelPageTests.xctest */ = {isa = PBXFileReference; explicitFileType = wrapper.cfbundle; includeInIndex = 0; path = modelPageTests.xctest; sourceTree = BUILT_PRODUCTS_DIR; };
		1BE5C6F3295C35B600C65C08 /* modelPageTests.swift */ = {isa = PBXFileReference; lastKnownFileType = sourcecode.swift; path = modelPageTests.swift; sourceTree = "<group>"; };
		1BE5C6F9295C35B600C65C08 /* modelPageUITests.xctest */ = {isa = PBXFileReference; explicitFileType = wrapper.cfbundle; includeInIndex = 0; path = modelPageUITests.xctest; sourceTree = BUILT_PRODUCTS_DIR; };
		1BE5C6FD295C35B600C65C08 /* modelPageUITests.swift */ = {isa = PBXFileReference; lastKnownFileType = sourcecode.swift; path = modelPageUITests.swift; sourceTree = "<group>"; };
		1BE5C6FF295C35B600C65C08 /* modelPageUITestsLaunchTests.swift */ = {isa = PBXFileReference; lastKnownFileType = sourcecode.swift; path = modelPageUITestsLaunchTests.swift; sourceTree = "<group>"; };
/* End PBXFileReference section */

/* Begin PBXFrameworksBuildPhase section */
		1BE5C6D6295C35B500C65C08 /* Frameworks */ = {
			isa = PBXFrameworksBuildPhase;
			buildActionMask = 2147483647;
			files = (
			);
			runOnlyForDeploymentPostprocessing = 0;
		};
		1BE5C6EC295C35B600C65C08 /* Frameworks */ = {
			isa = PBXFrameworksBuildPhase;
			buildActionMask = 2147483647;
			files = (
			);
			runOnlyForDeploymentPostprocessing = 0;
		};
		1BE5C6F6295C35B600C65C08 /* Frameworks */ = {
			isa = PBXFrameworksBuildPhase;
			buildActionMask = 2147483647;
			files = (
			);
			runOnlyForDeploymentPostprocessing = 0;
		};
/* End PBXFrameworksBuildPhase section */

/* Begin PBXGroup section */
		1BE5C6D0295C35B500C65C08 = {
			isa = PBXGroup;
			children = (
				1BE5C6DB295C35B500C65C08 /* modelPage */,
				1BE5C6F2295C35B600C65C08 /* modelPageTests */,
				1BE5C6FC295C35B600C65C08 /* modelPageUITests */,
				1BE5C6DA295C35B500C65C08 /* Products */,
			);
			sourceTree = "<group>";
		};
		1BE5C6DA295C35B500C65C08 /* Products */ = {
			isa = PBXGroup;
			children = (
				1BE5C6D9295C35B500C65C08 /* modelPage.app */,
				1BE5C6EF295C35B600C65C08 /* modelPageTests.xctest */,
				1BE5C6F9295C35B600C65C08 /* modelPageUITests.xctest */,
			);
			name = Products;
			sourceTree = "<group>";
		};
		1BE5C6DB295C35B500C65C08 /* modelPage */ = {
			isa = PBXGroup;
			children = (
				1BE5C6DC295C35B500C65C08 /* AppDelegate.swift */,
				1BE5C6DE295C35B500C65C08 /* SceneDelegate.swift */,
				1BE5C6E0295C35B500C65C08 /* ViewController.swift */,
				1BE5C6E2295C35B500C65C08 /* Main.storyboard */,
				1BE5C6E5295C35B600C65C08 /* Assets.xcassets */,
				1BE5C6E7295C35B600C65C08 /* LaunchScreen.storyboard */,
				1BE5C6EA295C35B600C65C08 /* Info.plist */,
			);
			path = modelPage;
			sourceTree = "<group>";
		};
		1BE5C6F2295C35B600C65C08 /* modelPageTests */ = {
			isa = PBXGroup;
			children = (
				1BE5C6F3295C35B600C65C08 /* modelPageTests.swift */,
			);
			path = modelPageTests;
			sourceTree = "<group>";
		};
		1BE5C6FC295C35B600C65C08 /* modelPageUITests */ = {
			isa = PBXGroup;
			children = (
				1BE5C6FD295C35B600C65C08 /* modelPageUITests.swift */,
				1BE5C6FF295C35B600C65C08 /* modelPageUITestsLaunchTests.swift */,
			);
			path = modelPageUITests;
			sourceTree = "<group>";
		};
/* End PBXGroup section */

/* Begin PBXNativeTarget section */
		1BE5C6D8295C35B500C65C08 /* modelPage */ = {
			isa = PBXNativeTarget;
			buildConfigurationList = 1BE5C703295C35B600C65C08 /* Build configuration list for PBXNativeTarget "modelPage" */;
			buildPhases = (
				1BE5C6D5295C35B500C65C08 /* Sources */,
				1BE5C6D6295C35B500C65C08 /* Frameworks */,
				1BE5C6D7295C35B500C65C08 /* Resources */,
			);
			buildRules = (
			);
			dependencies = (
			);
			name = modelPage;
			productName = modelPage;
			productReference = 1BE5C6D9295C35B500C65C08 /* modelPage.app */;
			productType = "com.apple.product-type.application";
		};
		1BE5C6EE295C35B600C65C08 /* modelPageTests */ = {
			isa = PBXNativeTarget;
			buildConfigurationList = 1BE5C706295C35B600C65C08 /* Build configuration list for PBXNativeTarget "modelPageTests" */;
			buildPhases = (
				1BE5C6EB295C35B600C65C08 /* Sources */,
				1BE5C6EC295C35B600C65C08 /* Frameworks */,
				1BE5C6ED295C35B600C65C08 /* Resources */,
			);
			buildRules = (
			);
			dependencies = (
				1BE5C6F1295C35B600C65C08 /* PBXTargetDependency */,
			);
			name = modelPageTests;
			productName = modelPageTests;
			productReference = 1BE5C6EF295C35B600C65C08 /* modelPageTests.xctest */;
			productType = "com.apple.product-type.bundle.unit-test";
		};
		1BE5C6F8295C35B600C65C08 /* modelPageUITests */ = {
			isa = PBXNativeTarget;
			buildConfigurationList = 1BE5C709295C35B600C65C08 /* Build configuration list for PBXNativeTarget "modelPageUITests" */;
			buildPhases = (
				1BE5C6F5295C35B600C65C08 /* Sources */,
				1BE5C6F6295C35B600C65C08 /* Frameworks */,
				1BE5C6F7295C35B600C65C08 /* Resources */,
			);
			buildRules = (
			);
			dependencies = (
				1BE5C6FB295C35B600C65C08 /* PBXTargetDependency */,
			);
			name = modelPageUITests;
			productName = modelPageUITests;
			productReference = 1BE5C6F9295C35B600C65C08 /* modelPageUITests.xctest */;
			productType = "com.apple.product-type.bundle.ui-testing";
		};
/* End PBXNativeTarget section */

/* Begin PBXProject section */
		1BE5C6D1295C35B500C65C08 /* Project object */ = {
			isa = PBXProject;
			attributes = {
				BuildIndependentTargetsInParallel = 1;
				LastSwiftUpdateCheck = 1400;
				LastUpgradeCheck = 1400;
				TargetAttributes = {
					1BE5C6D8295C35B500C65C08 = {
						CreatedOnToolsVersion = 14.0.1;
					};
					1BE5C6EE295C35B600C65C08 = {
						CreatedOnToolsVersion = 14.0.1;
						TestTargetID = 1BE5C6D8295C35B500C65C08;
					};
					1BE5C6F8295C35B600C65C08 = {
						CreatedOnToolsVersion = 14.0.1;
						TestTargetID = 1BE5C6D8295C35B500C65C08;
					};
				};
			};
			buildConfigurationList = 1BE5C6D4295C35B500C65C08 /* Build configuration list for PBXProject "modelPage" */;
			compatibilityVersion = "Xcode 14.0";
			developmentRegion = en;
			hasScannedForEncodings = 0;
			knownRegions = (
				en,
				Base,
			);
			mainGroup = 1BE5C6D0295C35B500C65C08;
			productRefGroup = 1BE5C6DA295C35B500C65C08 /* Products */;
			projectDirPath = "";
			projectRoot = "";
			targets = (
				1BE5C6D8295C35B500C65C08 /* modelPage */,
				1BE5C6EE295C35B600C65C08 /* modelPageTests */,
				1BE5C6F8295C35B600C65C08 /* modelPageUITests */,
			);
		};
/* End PBXProject section */

/* Begin PBXResourcesBuildPhase section */
		1BE5C6D7295C35B500C65C08 /* Resources */ = {
			isa = PBXResourcesBuildPhase;
			buildActionMask = 2147483647;
			files = (
				1BE5C6E9295C35B600C65C08 /* LaunchScreen.storyboard in Resources */,
				1BE5C6E6295C35B600C65C08 /* Assets.xcassets in Resources */,
				1BE5C6E4295C35B500C65C08 /* Main.storyboard in Resources */,
			);
			runOnlyForDeploymentPostprocessing = 0;
		};
		1BE5C6ED295C35B600C65C08 /* Resources */ = {
			isa = PBXResourcesBuildPhase;
			buildActionMask = 2147483647;
			files = (
			);
			runOnlyForDeploymentPostprocessing = 0;
		};
		1BE5C6F7295C35B600C65C08 /* Resources */ = {
			isa = PBXResourcesBuildPhase;
			buildActionMask = 2147483647;
			files = (
			);
			runOnlyForDeploymentPostprocessing = 0;
		};
/* End PBXResourcesBuildPhase section */

/* Begin PBXSourcesBuildPhase section */
		1BE5C6D5295C35B500C65C08 /* Sources */ = {
			isa = PBXSourcesBuildPhase;
			buildActionMask = 2147483647;
			files = (
				1BE5C6E1295C35B500C65C08 /* ViewController.swift in Sources */,
				1BE5C6DD295C35B500C65C08 /* AppDelegate.swift in Sources */,
				1BE5C6DF295C35B500C65C08 /* SceneDelegate.swift in Sources */,
			);
			runOnlyForDeploymentPostprocessing = 0;
		};
		1BE5C6EB295C35B600C65C08 /* Sources */ = {
			isa = PBXSourcesBuildPhase;
			buildActionMask = 2147483647;
			files = (
				1BE5C6F4295C35B600C65C08 /* modelPageTests.swift in Sources */,
			);
			runOnlyForDeploymentPostprocessing = 0;
		};
		1BE5C6F5295C35B600C65C08 /* Sources */ = {
			isa = PBXSourcesBuildPhase;
			buildActionMask = 2147483647;
			files = (
				1BE5C6FE295C35B600C65C08 /* modelPageUITests.swift in Sources */,
				1BE5C700295C35B600C65C08 /* modelPageUITestsLaunchTests.swift in Sources */,
			);
			runOnlyForDeploymentPostprocessing = 0;
		};
/* End PBXSourcesBuildPhase section */

/* Begin PBXTargetDependency section */
		1BE5C6F1295C35B600C65C08 /* PBXTargetDependency */ = {
			isa = PBXTargetDependency;
			target = 1BE5C6D8295C35B500C65C08 /* modelPage */;
			targetProxy = 1BE5C6F0295C35B600C65C08 /* PBXContainerItemProxy */;
		};
		1BE5C6FB295C35B600C65C08 /* PBXTargetDependency */ = {
			isa = PBXTargetDependency;
			target = 1BE5C6D8295C35B500C65C08 /* modelPage */;
			targetProxy = 1BE5C6FA295C35B600C65C08 /* PBXContainerItemProxy */;
		};
/* End PBXTargetDependency section */

/* Begin PBXVariantGroup section */
		1BE5C6E2295C35B500C65C08 /* Main.storyboard */ = {
			isa = PBXVariantGroup;
			children = (
				1BE5C6E3295C35B500C65C08 /* Base */,
			);
			name = Main.storyboard;
			sourceTree = "<group>";
		};
		1BE5C6E7295C35B600C65C08 /* LaunchScreen.storyboard */ = {
			isa = PBXVariantGroup;
			children = (
				1BE5C6E8295C35B600C65C08 /* Base */,
			);
			name = LaunchScreen.storyboard;
			sourceTree = "<group>";
		};
/* End PBXVariantGroup section */

/* Begin XCBuildConfiguration section */
		1BE5C701295C35B600C65C08 /* Debug */ = {
			isa = XCBuildConfiguration;
			buildSettings = {
				ALWAYS_SEARCH_USER_PATHS = NO;
				CLANG_ANALYZER_NONNULL = YES;
				CLANG_ANALYZER_NUMBER_OBJECT_CONVERSION = YES_AGGRESSIVE;
				CLANG_CXX_LANGUAGE_STANDARD = "gnu++20";
				CLANG_ENABLE_MODULES = YES;
				CLANG_ENABLE_OBJC_ARC = YES;
				CLANG_ENABLE_OBJC_WEAK = YES;
				CLANG_WARN_BLOCK_CAPTURE_AUTORELEASING = YES;
				CLANG_WARN_BOOL_CONVERSION = YES;
				CLANG_WARN_COMMA = YES;
				CLANG_WARN_CONSTANT_CONVERSION = YES;
				CLANG_WARN_DEPRECATED_OBJC_IMPLEMENTATIONS = YES;
				CLANG_WARN_DIRECT_OBJC_ISA_USAGE = YES_ERROR;
				CLANG_WARN_DOCUMENTATION_COMMENTS = YES;
				CLANG_WARN_EMPTY_BODY = YES;
				CLANG_WARN_ENUM_CONVERSION = YES;
				CLANG_WARN_INFINITE_RECURSION = YES;
				CLANG_WARN_INT_CONVERSION = YES;
				CLANG_WARN_NON_LITERAL_NULL_CONVERSION = YES;
				CLANG_WARN_OBJC_IMPLICIT_RETAIN_SELF = YES;
				CLANG_WARN_OBJC_LITERAL_CONVERSION = YES;
				CLANG_WARN_OBJC_ROOT_CLASS = YES_ERROR;
				CLANG_WARN_QUOTED_INCLUDE_IN_FRAMEWORK_HEADER = YES;
				CLANG_WARN_RANGE_LOOP_ANALYSIS = YES;
				CLANG_WARN_STRICT_PROTOTYPES = YES;
				CLANG_WARN_SUSPICIOUS_MOVE = YES;
				CLANG_WARN_UNGUARDED_AVAILABILITY = YES_AGGRESSIVE;
				CLANG_WARN_UNREACHABLE_CODE = YES;
				CLANG_WARN__DUPLICATE_METHOD_MATCH = YES;
				COPY_PHASE_STRIP = NO;
				DEBUG_INFORMATION_FORMAT = dwarf;
				ENABLE_STRICT_OBJC_MSGSEND = YES;
				ENABLE_TESTABILITY = YES;
				GCC_C_LANGUAGE_STANDARD = gnu11;
				GCC_DYNAMIC_NO_PIC = NO;
				GCC_NO_COMMON_BLOCKS = YES;
				GCC_OPTIMIZATION_LEVEL = 0;
				GCC_PREPROCESSOR_DEFINITIONS = (
					"DEBUG=1",
					"$(inherited)",
				);
				GCC_WARN_64_TO_32_BIT_CONVERSION = YES;
				GCC_WARN_ABOUT_RETURN_TYPE = YES_ERROR;
				GCC_WARN_UNDECLARED_SELECTOR = YES;
				GCC_WARN_UNINITIALIZED_AUTOS = YES_AGGRESSIVE;
				GCC_WARN_UNUSED_FUNCTION = YES;
				GCC_WARN_UNUSED_VARIABLE = YES;
				IPHONEOS_DEPLOYMENT_TARGET = 16.0;
				MTL_ENABLE_DEBUG_INFO = INCLUDE_SOURCE;
				MTL_FAST_MATH = YES;
				ONLY_ACTIVE_ARCH = YES;
				SDKROOT = iphoneos;
				SWIFT_ACTIVE_COMPILATION_CONDITIONS = DEBUG;
				SWIFT_OPTIMIZATION_LEVEL = "-Onone";
			};
			name = Debug;
		};
		1BE5C702295C35B600C65C08 /* Release */ = {
			isa = XCBuildConfiguration;
			buildSettings = {
				ALWAYS_SEARCH_USER_PATHS = NO;
				CLANG_ANALYZER_NONNULL = YES;
				CLANG_ANALYZER_NUMBER_OBJECT_CONVERSION = YES_AGGRESSIVE;
				CLANG_CXX_LANGUAGE_STANDARD = "gnu++20";
				CLANG_ENABLE_MODULES = YES;
				CLANG_ENABLE_OBJC_ARC = YES;
				CLANG_ENABLE_OBJC_WEAK = YES;
				CLANG_WARN_BLOCK_CAPTURE_AUTORELEASING = YES;
				CLANG_WARN_BOOL_CONVERSION = YES;
				CLANG_WARN_COMMA = YES;
				CLANG_WARN_CONSTANT_CONVERSION = YES;
				CLANG_WARN_DEPRECATED_OBJC_IMPLEMENTATIONS = YES;
				CLANG_WARN_DIRECT_OBJC_ISA_USAGE = YES_ERROR;
				CLANG_WARN_DOCUMENTATION_COMMENTS = YES;
				CLANG_WARN_EMPTY_BODY = YES;
				CLANG_WARN_ENUM_CONVERSION = YES;
				CLANG_WARN_INFINITE_RECURSION = YES;
				CLANG_WARN_INT_CONVERSION = YES;
				CLANG_WARN_NON_LITERAL_NULL_CONVERSION = YES;
				CLANG_WARN_OBJC_IMPLICIT_RETAIN_SELF = YES;
				CLANG_WARN_OBJC_LITERAL_CONVERSION = YES;
				CLANG_WARN_OBJC_ROOT_CLASS = YES_ERROR;
				CLANG_WARN_QUOTED_INCLUDE_IN_FRAMEWORK_HEADER = YES;
				CLANG_WARN_RANGE_LOOP_ANALYSIS = YES;
				CLANG_WARN_STRICT_PROTOTYPES = YES;
				CLANG_WARN_SUSPICIOUS_MOVE = YES;
				CLANG_WARN_UNGUARDED_AVAILABILITY = YES_AGGRESSIVE;
				CLANG_WARN_UNREACHABLE_CODE = YES;
				CLANG_WARN__DUPLICATE_METHOD_MATCH = YES;
				COPY_PHASE_STRIP = NO;
				DEBUG_INFORMATION_FORMAT = "dwarf-with-dsym";
				ENABLE_NS_ASSERTIONS = NO;
				ENABLE_STRICT_OBJC_MSGSEND = YES;
				GCC_C_LANGUAGE_STANDARD = gnu11;
				GCC_NO_COMMON_BLOCKS = YES;
				GCC_WARN_64_TO_32_BIT_CONVERSION = YES;
				GCC_WARN_ABOUT_RETURN_TYPE = YES_ERROR;
				GCC_WARN_UNDECLARED_SELECTOR = YES;
				GCC_WARN_UNINITIALIZED_AUTOS = YES_AGGRESSIVE;
				GCC_WARN_UNUSED_FUNCTION = YES;
				GCC_WARN_UNUSED_VARIABLE = YES;
				IPHONEOS_DEPLOYMENT_TARGET = 16.0;
				MTL_ENABLE_DEBUG_INFO = NO;
				MTL_FAST_MATH = YES;
				SDKROOT = iphoneos;
				SWIFT_COMPILATION_MODE = wholemodule;
				SWIFT_OPTIMIZATION_LEVEL = "-O";
				VALIDATE_PRODUCT = YES;
			};
			name = Release;
		};
		1BE5C704295C35B600C65C08 /* Debug */ = {
			isa = XCBuildConfiguration;
			buildSettings = {
				ASSETCATALOG_COMPILER_APPICON_NAME = AppIcon;
				ASSETCATALOG_COMPILER_GLOBAL_ACCENT_COLOR_NAME = AccentColor;
				CODE_SIGN_STYLE = Automatic;
				CURRENT_PROJECT_VERSION = 1;
				DEVELOPMENT_TEAM = SH2P73Z2BQ;
				GENERATE_INFOPLIST_FILE = YES;
				INFOPLIST_FILE = modelPage/Info.plist;
				INFOPLIST_KEY_UIApplicationSupportsIndirectInputEvents = YES;
				INFOPLIST_KEY_UILaunchStoryboardName = LaunchScreen;
				INFOPLIST_KEY_UIMainStoryboardFile = Main;
				INFOPLIST_KEY_UISupportedInterfaceOrientations_iPad = "UIInterfaceOrientationPortrait UIInterfaceOrientationPortraitUpsideDown UIInterfaceOrientationLandscapeLeft UIInterfaceOrientationLandscapeRight";
				INFOPLIST_KEY_UISupportedInterfaceOrientations_iPhone = "UIInterfaceOrientationPortrait UIInterfaceOrientationLandscapeLeft UIInterfaceOrientationLandscapeRight";
				LD_RUNPATH_SEARCH_PATHS = (
					"$(inherited)",
					"@executable_path/Frameworks",
				);
				MARKETING_VERSION = 1.0;
				PRODUCT_BUNDLE_IDENTIFIER = com.first.modelPage;
				PRODUCT_NAME = "$(TARGET_NAME)";
				SWIFT_EMIT_LOC_STRINGS = YES;
				SWIFT_VERSION = 5.0;
				TARGETED_DEVICE_FAMILY = "1,2";
			};
			name = Debug;
		};
		1BE5C705295C35B600C65C08 /* Release */ = {
			isa = XCBuildConfiguration;
			buildSettings = {
				ASSETCATALOG_COMPILER_APPICON_NAME = AppIcon;
				ASSETCATALOG_COMPILER_GLOBAL_ACCENT_COLOR_NAME = AccentColor;
				CODE_SIGN_STYLE = Automatic;
				CURRENT_PROJECT_VERSION = 1;
				DEVELOPMENT_TEAM = SH2P73Z2BQ;
				GENERATE_INFOPLIST_FILE = YES;
				INFOPLIST_FILE = modelPage/Info.plist;
				INFOPLIST_KEY_UIApplicationSupportsIndirectInputEvents = YES;
				INFOPLIST_KEY_UILaunchStoryboardName = LaunchScreen;
				INFOPLIST_KEY_UIMainStoryboardFile = Main;
				INFOPLIST_KEY_UISupportedInterfaceOrientations_iPad = "UIInterfaceOrientationPortrait UIInterfaceOrientationPortraitUpsideDown UIInterfaceOrientationLandscapeLeft UIInterfaceOrientationLandscapeRight";
				INFOPLIST_KEY_UISupportedInterfaceOrientations_iPhone = "UIInterfaceOrientationPortrait UIInterfaceOrientationLandscapeLeft UIInterfaceOrientationLandscapeRight";
				LD_RUNPATH_SEARCH_PATHS = (
					"$(inherited)",
					"@executable_path/Frameworks",
				);
				MARKETING_VERSION = 1.0;
				PRODUCT_BUNDLE_IDENTIFIER = com.first.modelPage;
				PRODUCT_NAME = "$(TARGET_NAME)";
				SWIFT_EMIT_LOC_STRINGS = YES;
				SWIFT_VERSION = 5.0;
				TARGETED_DEVICE_FAMILY = "1,2";
			};
			name = Release;
		};
		1BE5C707295C35B600C65C08 /* Debug */ = {
			isa = XCBuildConfiguration;
			buildSettings = {
				ALWAYS_EMBED_SWIFT_STANDARD_LIBRARIES = YES;
				BUNDLE_LOADER = "$(TEST_HOST)";
				CODE_SIGN_STYLE = Automatic;
				CURRENT_PROJECT_VERSION = 1;
				DEVELOPMENT_TEAM = SH2P73Z2BQ;
				GENERATE_INFOPLIST_FILE = YES;
				IPHONEOS_DEPLOYMENT_TARGET = 16.0;
				MARKETING_VERSION = 1.0;
				PRODUCT_BUNDLE_IDENTIFIER = com.first.modelPageTests;
				PRODUCT_NAME = "$(TARGET_NAME)";
				SWIFT_EMIT_LOC_STRINGS = NO;
				SWIFT_VERSION = 5.0;
				TARGETED_DEVICE_FAMILY = "1,2";
				TEST_HOST = "$(BUILT_PRODUCTS_DIR)/modelPage.app/$(BUNDLE_EXECUTABLE_FOLDER_PATH)/modelPage";
			};
			name = Debug;
		};
		1BE5C708295C35B600C65C08 /* Release */ = {
			isa = XCBuildConfiguration;
			buildSettings = {
				ALWAYS_EMBED_SWIFT_STANDARD_LIBRARIES = YES;
				BUNDLE_LOADER = "$(TEST_HOST)";
				CODE_SIGN_STYLE = Automatic;
				CURRENT_PROJECT_VERSION = 1;
				DEVELOPMENT_TEAM = SH2P73Z2BQ;
				GENERATE_INFOPLIST_FILE = YES;
				IPHONEOS_DEPLOYMENT_TARGET = 16.0;
				MARKETING_VERSION = 1.0;
				PRODUCT_BUNDLE_IDENTIFIER = com.first.modelPageTests;
				PRODUCT_NAME = "$(TARGET_NAME)";
				SWIFT_EMIT_LOC_STRINGS = NO;
				SWIFT_VERSION = 5.0;
				TARGETED_DEVICE_FAMILY = "1,2";
				TEST_HOST = "$(BUILT_PRODUCTS_DIR)/modelPage.app/$(BUNDLE_EXECUTABLE_FOLDER_PATH)/modelPage";
			};
			name = Release;
		};
		1BE5C70A295C35B600C65C08 /* Debug */ = {
			isa = XCBuildConfiguration;
			buildSettings = {
				ALWAYS_EMBED_SWIFT_STANDARD_LIBRARIES = YES;
				CODE_SIGN_STYLE = Automatic;
				CURRENT_PROJECT_VERSION = 1;
				DEVELOPMENT_TEAM = SH2P73Z2BQ;
				GENERATE_INFOPLIST_FILE = YES;
				MARKETING_VERSION = 1.0;
				PRODUCT_BUNDLE_IDENTIFIER = com.first.modelPageUITests;
				PRODUCT_NAME = "$(TARGET_NAME)";
				SWIFT_EMIT_LOC_STRINGS = NO;
				SWIFT_VERSION = 5.0;
				TARGETED_DEVICE_FAMILY = "1,2";
				TEST_TARGET_NAME = modelPage;
			};
			name = Debug;
		};
		1BE5C70B295C35B600C65C08 /* Release */ = {
			isa = XCBuildConfiguration;
			buildSettings = {
				ALWAYS_EMBED_SWIFT_STANDARD_LIBRARIES = YES;
				CODE_SIGN_STYLE = Automatic;
				CURRENT_PROJECT_VERSION = 1;
				DEVELOPMENT_TEAM = SH2P73Z2BQ;
				GENERATE_INFOPLIST_FILE = YES;
				MARKETING_VERSION = 1.0;
				PRODUCT_BUNDLE_IDENTIFIER = com.first.modelPageUITests;
				PRODUCT_NAME = "$(TARGET_NAME)";
				SWIFT_EMIT_LOC_STRINGS = NO;
				SWIFT_VERSION = 5.0;
				TARGETED_DEVICE_FAMILY = "1,2";
				TEST_TARGET_NAME = modelPage;
			};
			name = Release;
		};
/* End XCBuildConfiguration section */

/* Begin XCConfigurationList section */
		1BE5C6D4295C35B500C65C08 /* Build configuration list for PBXProject "modelPage" */ = {
			isa = XCConfigurationList;
			buildConfigurations = (
				1BE5C701295C35B600C65C08 /* Debug */,
				1BE5C702295C35B600C65C08 /* Release */,
			);
			defaultConfigurationIsVisible = 0;
			defaultConfigurationName = Release;
		};
		1BE5C703295C35B600C65C08 /* Build configuration list for PBXNativeTarget "modelPage" */ = {
			isa = XCConfigurationList;
			buildConfigurations = (
				1BE5C704295C35B600C65C08 /* Debug */,
				1BE5C705295C35B600C65C08 /* Release */,
			);
			defaultConfigurationIsVisible = 0;
			defaultConfigurationName = Release;
		};
		1BE5C706295C35B600C65C08 /* Build configuration list for PBXNativeTarget "modelPageTests" */ = {
			isa = XCConfigurationList;
			buildConfigurations = (
				1BE5C707295C35B600C65C08 /* Debug */,
				1BE5C708295C35B600C65C08 /* Release */,
			);
			defaultConfigurationIsVisible = 0;
			defaultConfigurationName = Release;
		};
		1BE5C709295C35B600C65C08 /* Build configuration list for PBXNativeTarget "modelPageUITests" */ = {
			isa = XCConfigurationList;
			buildConfigurations = (
				1BE5C70A295C35B600C65C08 /* Debug */,
				1BE5C70B295C35B600C65C08 /* Release */,
			);
			defaultConfigurationIsVisible = 0;
			defaultConfigurationName = Release;
		};
/* End XCConfigurationList section */
	};
	rootObject = 1BE5C6D1295C35B500C65C08 /* Project object */;
}
